
Microsoft Visual Studio Solution File, Format Version 12.00
# Visual Studio Version 17
VisualStudioVersion = 17.1.32421.90
MinimumVisualStudioVersion = 10.0.40219.1
Project("{FAE04EC0-301F-11D3-BF4B-00C04F79EFBC}") = "E212_P3P", "E212_P3P.csproj", "{40731F8F-620A-4323-B779-50FE00EB0E07}"
EndProject
Global
	GlobalSection(SolutionConfigurationPlatforms) = preSolution
		Debug|Any CPU = Debug|Any CPU
		Release|Any CPU = Release|Any CPU
	EndGlobalSection
	GlobalSection(ProjectConfigurationPlatforms) = postSolution
		{40731F8F-620A-4323-B779-50FE00EB0E07}.Debug|Any CPU.ActiveCfg = Debug|Any CPU
		{40731F8F-620A-4323-B779-50FE00EB0E07}.Debug|Any CPU.Build.0 = Debug|Any CPU
		{40731F8F-620A-4323-B779-50FE00EB0E07}.Release|Any CPU.ActiveCfg = Release|Any CPU
		{40731F8F-620A-4323-B779-50FE00EB0E07}.Release|Any CPU.Build.0 = Release|Any CPU
	EndGlobalSection
	GlobalSection(SolutionProperties) = preSolution
		HideSolutionNode = FALSE
	EndGlobalSection
	GlobalSection(ExtensibilityGlobals) = postSolution
		SolutionGuid = {11E74C6C-4258-4321-A15E-30E10F8465B8}
	EndGlobalSection
EndGlobal
